{
  "name": "reactbasicsjpmcjuly2025",
  "lockfileVersion": 3,
  "requires": true,
  "packages": {
    "": {
      "dependencies": {
        "@fontsource/roboto": "^5.2.6"
      }
    },
    "node_modules/@fontsource/roboto": {
      "version": "5.2.6",
      "resolved": "https://registry.npmjs.org/@fontsource/roboto/-/roboto-5.2.6.tgz",
      "integrity": "sha512-hzarG7yAhMoP418smNgfY4fO7UmuUEm5JUtbxCoCcFHT0hOJB+d/qAEyoNjz7YkPU5OjM2LM8rJnW8hfm0JLaA==",
      "funding": {
        "url": "https://github.com/sponsors/ayuhito"
      }
    }
  }
}
